
Microsoft Visual Studio Solution File, Format Version 12.00
# Visual Studio Version 16
VisualStudioVersion = 16.0.30907.101
MinimumVisualStudioVersion = 10.0.40219.1
Project("{FAE04EC0-301F-11D3-BF4B-00C04F79EFBC}") = "RavilBotApp", "RavilBotApp\RavilBotApp.csproj", "{4DA7DCDB-414F-4CDA-9EAA-A9D78319B5BE}"
EndProject
Global
	GlobalSection(SolutionConfigurationPlatforms) = preSolution
		Debug|Any CPU = Debug|Any CPU
		Release|Any CPU = Release|Any CPU
	EndGlobalSection
	GlobalSection(ProjectConfigurationPlatforms) = postSolution
		{4DA7DCDB-414F-4CDA-9EAA-A9D78319B5BE}.Debug|Any CPU.ActiveCfg = Debug|Any CPU
		{4DA7DCDB-414F-4CDA-9EAA-A9D78319B5BE}.Debug|Any CPU.Build.0 = Debug|Any CPU
		{4DA7DCDB-414F-4CDA-9EAA-A9D78319B5BE}.Release|Any CPU.ActiveCfg = Release|Any CPU
		{4DA7DCDB-414F-4CDA-9EAA-A9D78319B5BE}.Release|Any CPU.Build.0 = Release|Any CPU
	EndGlobalSection
	GlobalSection(SolutionProperties) = preSolution
		HideSolutionNode = FALSE
	EndGlobalSection
	GlobalSection(ExtensibilityGlobals) = postSolution
		SolutionGuid = {248BB852-B3EC-4F86-A981-EA571087DCFF}
	EndGlobalSection
EndGlobal
